// !$*UTF8*$!
{
	archiveVersion = 1;
	classes = {
	};
	objectVersion = 52;
	objects = {

/* Begin PBXBuildFile section */
		9A7651CE2462FC4800807C07 /* BaseTabBarController.swift in Sources */ = {isa = PBXBuildFile; fileRef = 9A7651CD2462FC4800807C07 /* BaseTabBarController.swift */; };
		9A7651D2246426B500807C07 /* ContentCreatorTableViewCell.swift in Sources */ = {isa = PBXBuildFile; fileRef = 9A7651D0246426B500807C07 /* ContentCreatorTableViewCell.swift */; };
		9A7651D3246426B500807C07 /* ContentCreatorTableViewCell.xib in Resources */ = {isa = PBXBuildFile; fileRef = 9A7651D1246426B500807C07 /* ContentCreatorTableViewCell.xib */; };
		9A7651D624643C2E00807C07 /* Creator.swift in Sources */ = {isa = PBXBuildFile; fileRef = 9A7651D524643C2E00807C07 /* Creator.swift */; };
		9A7651D924644C2200807C07 /* LookbookTableViewCell.swift in Sources */ = {isa = PBXBuildFile; fileRef = 9A7651D724644C2200807C07 /* LookbookTableViewCell.swift */; };
		9A7651DA24644C2200807C07 /* LookbookTableViewCell.xib in Resources */ = {isa = PBXBuildFile; fileRef = 9A7651D824644C2200807C07 /* LookbookTableViewCell.xib */; };
		9A7651DC24644C4C00807C07 /* Lookbook.swift in Sources */ = {isa = PBXBuildFile; fileRef = 9A7651DB24644C4C00807C07 /* Lookbook.swift */; };
		9A7651DF2464555C00807C07 /* UILabelExtension.swift in Sources */ = {isa = PBXBuildFile; fileRef = 9A7651DE2464555C00807C07 /* UILabelExtension.swift */; };
		9A7651E12465F9A200807C07 /* SocialView.swift in Sources */ = {isa = PBXBuildFile; fileRef = 9A7651E02465F9A200807C07 /* SocialView.swift */; };
		9A7651E32465F9B100807C07 /* SocialView.xib in Resources */ = {isa = PBXBuildFile; fileRef = 9A7651E22465F9B100807C07 /* SocialView.xib */; };
		9A7651E52467A2C800807C07 /* UIViewExtension.swift in Sources */ = {isa = PBXBuildFile; fileRef = 9A7651E42467A2C800807C07 /* UIViewExtension.swift */; };
		9A7651E72467A50000807C07 /* NibView.swift in Sources */ = {isa = PBXBuildFile; fileRef = 9A7651E62467A50000807C07 /* NibView.swift */; };
		9A7651E92467A68000807C07 /* UIImageVIewExtension.swift in Sources */ = {isa = PBXBuildFile; fileRef = 9A7651E82467A68000807C07 /* UIImageVIewExtension.swift */; };
		9A7651EB24697B9D00807C07 /* UIViewControllerExtension.swift in Sources */ = {isa = PBXBuildFile; fileRef = 9A7651EA24697B9D00807C07 /* UIViewControllerExtension.swift */; };
		9A7651ED2469E0AE00807C07 /* Api.swift in Sources */ = {isa = PBXBuildFile; fileRef = 9A7651EC2469E0AE00807C07 /* Api.swift */; };
		9A7651F12469E0EF00807C07 /* Alamofire in Frameworks */ = {isa = PBXBuildFile; productRef = 9A7651F02469E0EF00807C07 /* Alamofire */; };
		9A7651F32469E1B600807C07 /* Creators.swift in Sources */ = {isa = PBXBuildFile; fileRef = 9A7651F22469E1B600807C07 /* Creators.swift */; };
		9A7651F52469E29900807C07 /* CreatorsApi.swift in Sources */ = {isa = PBXBuildFile; fileRef = 9A7651F42469E29900807C07 /* CreatorsApi.swift */; };
		9A7651F8246A02AB00807C07 /* NVActivityIndicatorView in Frameworks */ = {isa = PBXBuildFile; productRef = 9A7651F7246A02AB00807C07 /* NVActivityIndicatorView */; };
		9A7651FA246ACBB900807C07 /* LookbooksApi.swift in Sources */ = {isa = PBXBuildFile; fileRef = 9A7651F9246ACBB900807C07 /* LookbooksApi.swift */; };
		9A7651FC246ACBE200807C07 /* Lookbooks.swift in Sources */ = {isa = PBXBuildFile; fileRef = 9A7651FB246ACBE200807C07 /* Lookbooks.swift */; };
		9A7651FE246B3EB900807C07 /* LeaguesViewController.swift in Sources */ = {isa = PBXBuildFile; fileRef = 9A7651FD246B3EB900807C07 /* LeaguesViewController.swift */; };
		9A76520024746A2A00807C07 /* LeaguesApi.swift in Sources */ = {isa = PBXBuildFile; fileRef = 9A7651FF24746A2A00807C07 /* LeaguesApi.swift */; };
		9A76520224746A6600807C07 /* Player.swift in Sources */ = {isa = PBXBuildFile; fileRef = 9A76520124746A6600807C07 /* Player.swift */; };
		9A76520424746A8E00807C07 /* Players.swift in Sources */ = {isa = PBXBuildFile; fileRef = 9A76520324746A8E00807C07 /* Players.swift */; };
		9A76520624746A9900807C07 /* League.swift in Sources */ = {isa = PBXBuildFile; fileRef = 9A76520524746A9900807C07 /* League.swift */; };
		9A76520824746AA100807C07 /* Leagues.swift in Sources */ = {isa = PBXBuildFile; fileRef = 9A76520724746AA100807C07 /* Leagues.swift */; };
		9A76520B247473EA00807C07 /* LeaguesTableViewCell.swift in Sources */ = {isa = PBXBuildFile; fileRef = 9A765209247473EA00807C07 /* LeaguesTableViewCell.swift */; };
		9A76520C247473EA00807C07 /* LeaguesTableViewCell.xib in Resources */ = {isa = PBXBuildFile; fileRef = 9A76520A247473EA00807C07 /* LeaguesTableViewCell.xib */; };
		9A7652122474DD6300807C07 /* Socials.swift in Sources */ = {isa = PBXBuildFile; fileRef = 9A7652112474DD6300807C07 /* Socials.swift */; };
		9AB045D32462EA6E0049BCD5 /* AppDelegate.swift in Sources */ = {isa = PBXBuildFile; fileRef = 9AB045D22462EA6E0049BCD5 /* AppDelegate.swift */; };
		9AB045D52462EA6E0049BCD5 /* SceneDelegate.swift in Sources */ = {isa = PBXBuildFile; fileRef = 9AB045D42462EA6E0049BCD5 /* SceneDelegate.swift */; };
		9AB045D72462EA6E0049BCD5 /* HomeViewController.swift in Sources */ = {isa = PBXBuildFile; fileRef = 9AB045D62462EA6E0049BCD5 /* HomeViewController.swift */; };
		9AB045D92462EA6E0049BCD5 /* CreatorsViewController.swift in Sources */ = {isa = PBXBuildFile; fileRef = 9AB045D82462EA6E0049BCD5 /* CreatorsViewController.swift */; };
		9AB045DC2462EA6E0049BCD5 /* Main.storyboard in Resources */ = {isa = PBXBuildFile; fileRef = 9AB045DA2462EA6E0049BCD5 /* Main.storyboard */; };
		9AB045DE2462EA710049BCD5 /* Assets.xcassets in Resources */ = {isa = PBXBuildFile; fileRef = 9AB045DD2462EA710049BCD5 /* Assets.xcassets */; };
		9AB045E12462EA710049BCD5 /* LaunchScreen.storyboard in Resources */ = {isa = PBXBuildFile; fileRef = 9AB045DF2462EA710049BCD5 /* LaunchScreen.storyboard */; };
		9AB045EC2462EA720049BCD5 /* HundredThievesTests.swift in Sources */ = {isa = PBXBuildFile; fileRef = 9AB045EB2462EA720049BCD5 /* HundredThievesTests.swift */; };
		9AB045F72462EA720049BCD5 /* HundredThievesUITests.swift in Sources */ = {isa = PBXBuildFile; fileRef = 9AB045F62462EA720049BCD5 /* HundredThievesUITests.swift */; };
/* End PBXBuildFile section */

/* Begin PBXContainerItemProxy section */
		9AB045E82462EA720049BCD5 /* PBXContainerItemProxy */ = {
			isa = PBXContainerItemProxy;
			containerPortal = 9AB045C72462EA6E0049BCD5 /* Project object */;
			proxyType = 1;
			remoteGlobalIDString = 9AB045CE2462EA6E0049BCD5;
			remoteInfo = HundredThieves;
		};
		9AB045F32462EA720049BCD5 /* PBXContainerItemProxy */ = {
			isa = PBXContainerItemProxy;
			containerPortal = 9AB045C72462EA6E0049BCD5 /* Project object */;
			proxyType = 1;
			remoteGlobalIDString = 9AB045CE2462EA6E0049BCD5;
			remoteInfo = HundredThieves;
		};
/* End PBXContainerItemProxy section */

/* Begin PBXFileReference section */
		9A7651CD2462FC4800807C07 /* BaseTabBarController.swift */ = {isa = PBXFileReference; lastKnownFileType = sourcecode.swift; path = BaseTabBarController.swift; sourceTree = "<group>"; };
		9A7651D0246426B500807C07 /* ContentCreatorTableViewCell.swift */ = {isa = PBXFileReference; lastKnownFileType = sourcecode.swift; path = ContentCreatorTableViewCell.swift; sourceTree = "<group>"; };
		9A7651D1246426B500807C07 /* ContentCreatorTableViewCell.xib */ = {isa = PBXFileReference; lastKnownFileType = file.xib; path = ContentCreatorTableViewCell.xib; sourceTree = "<group>"; };
		9A7651D524643C2E00807C07 /* Creator.swift */ = {isa = PBXFileReference; lastKnownFileType = sourcecode.swift; path = Creator.swift; sourceTree = "<group>"; };
		9A7651D724644C2200807C07 /* LookbookTableViewCell.swift */ = {isa = PBXFileReference; lastKnownFileType = sourcecode.swift; path = LookbookTableViewCell.swift; sourceTree = "<group>"; };
		9A7651D824644C2200807C07 /* LookbookTableViewCell.xib */ = {isa = PBXFileReference; lastKnownFileType = file.xib; path = LookbookTableViewCell.xib; sourceTree = "<group>"; };
		9A7651DB24644C4C00807C07 /* Lookbook.swift */ = {isa = PBXFileReference; lastKnownFileType = sourcecode.swift; path = Lookbook.swift; sourceTree = "<group>"; };
		9A7651DE2464555C00807C07 /* UILabelExtension.swift */ = {isa = PBXFileReference; lastKnownFileType = sourcecode.swift; path = UILabelExtension.swift; sourceTree = "<group>"; };
		9A7651E02465F9A200807C07 /* SocialView.swift */ = {isa = PBXFileReference; lastKnownFileType = sourcecode.swift; path = SocialView.swift; sourceTree = "<group>"; };
		9A7651E22465F9B100807C07 /* SocialView.xib */ = {isa = PBXFileReference; lastKnownFileType = file.xib; path = SocialView.xib; sourceTree = "<group>"; };
		9A7651E42467A2C800807C07 /* UIViewExtension.swift */ = {isa = PBXFileReference; lastKnownFileType = sourcecode.swift; path = UIViewExtension.swift; sourceTree = "<group>"; };
		9A7651E62467A50000807C07 /* NibView.swift */ = {isa = PBXFileReference; lastKnownFileType = sourcecode.swift; path = NibView.swift; sourceTree = "<group>"; };
		9A7651E82467A68000807C07 /* UIImageVIewExtension.swift */ = {isa = PBXFileReference; lastKnownFileType = sourcecode.swift; path = UIImageVIewExtension.swift; sourceTree = "<group>"; };
		9A7651EA24697B9D00807C07 /* UIViewControllerExtension.swift */ = {isa = PBXFileReference; lastKnownFileType = sourcecode.swift; path = UIViewControllerExtension.swift; sourceTree = "<group>"; };
		9A7651EC2469E0AE00807C07 /* Api.swift */ = {isa = PBXFileReference; lastKnownFileType = sourcecode.swift; path = Api.swift; sourceTree = "<group>"; };
		9A7651F22469E1B600807C07 /* Creators.swift */ = {isa = PBXFileReference; lastKnownFileType = sourcecode.swift; path = Creators.swift; sourceTree = "<group>"; };
		9A7651F42469E29900807C07 /* CreatorsApi.swift */ = {isa = PBXFileReference; lastKnownFileType = sourcecode.swift; path = CreatorsApi.swift; sourceTree = "<group>"; };
		9A7651F9246ACBB900807C07 /* LookbooksApi.swift */ = {isa = PBXFileReference; lastKnownFileType = sourcecode.swift; path = LookbooksApi.swift; sourceTree = "<group>"; };
		9A7651FB246ACBE200807C07 /* Lookbooks.swift */ = {isa = PBXFileReference; lastKnownFileType = sourcecode.swift; path = Lookbooks.swift; sourceTree = "<group>"; };
		9A7651FD246B3EB900807C07 /* LeaguesViewController.swift */ = {isa = PBXFileReference; lastKnownFileType = sourcecode.swift; path = LeaguesViewController.swift; sourceTree = "<group>"; };
		9A7651FF24746A2A00807C07 /* LeaguesApi.swift */ = {isa = PBXFileReference; lastKnownFileType = sourcecode.swift; path = LeaguesApi.swift; sourceTree = "<group>"; };
		9A76520124746A6600807C07 /* Player.swift */ = {isa = PBXFileReference; lastKnownFileType = sourcecode.swift; path = Player.swift; sourceTree = "<group>"; };
		9A76520324746A8E00807C07 /* Players.swift */ = {isa = PBXFileReference; lastKnownFileType = sourcecode.swift; path = Players.swift; sourceTree = "<group>"; };
		9A76520524746A9900807C07 /* League.swift */ = {isa = PBXFileReference; lastKnownFileType = sourcecode.swift; path = League.swift; sourceTree = "<group>"; };
		9A76520724746AA100807C07 /* Leagues.swift */ = {isa = PBXFileReference; lastKnownFileType = sourcecode.swift; path = Leagues.swift; sourceTree = "<group>"; };
		9A765209247473EA00807C07 /* LeaguesTableViewCell.swift */ = {isa = PBXFileReference; lastKnownFileType = sourcecode.swift; path = LeaguesTableViewCell.swift; sourceTree = "<group>"; };
		9A76520A247473EA00807C07 /* LeaguesTableViewCell.xib */ = {isa = PBXFileReference; lastKnownFileType = file.xib; path = LeaguesTableViewCell.xib; sourceTree = "<group>"; };
		9A7652112474DD6300807C07 /* Socials.swift */ = {isa = PBXFileReference; lastKnownFileType = sourcecode.swift; path = Socials.swift; sourceTree = "<group>"; };
		9AB045CF2462EA6E0049BCD5 /* 100 Thieves.app */ = {isa = PBXFileReference; explicitFileType = wrapper.application; includeInIndex = 0; path = "100 Thieves.app"; sourceTree = BUILT_PRODUCTS_DIR; };
		9AB045D22462EA6E0049BCD5 /* AppDelegate.swift */ = {isa = PBXFileReference; lastKnownFileType = sourcecode.swift; path = AppDelegate.swift; sourceTree = "<group>"; };
		9AB045D42462EA6E0049BCD5 /* SceneDelegate.swift */ = {isa = PBXFileReference; lastKnownFileType = sourcecode.swift; path = SceneDelegate.swift; sourceTree = "<group>"; };
		9AB045D62462EA6E0049BCD5 /* HomeViewController.swift */ = {isa = PBXFileReference; lastKnownFileType = sourcecode.swift; path = HomeViewController.swift; sourceTree = "<group>"; };
		9AB045D82462EA6E0049BCD5 /* CreatorsViewController.swift */ = {isa = PBXFileReference; lastKnownFileType = sourcecode.swift; path = CreatorsViewController.swift; sourceTree = "<group>"; };
		9AB045DB2462EA6E0049BCD5 /* Base */ = {isa = PBXFileReference; lastKnownFileType = file.storyboard; name = Base; path = Base.lproj/Main.storyboard; sourceTree = "<group>"; };
		9AB045DD2462EA710049BCD5 /* Assets.xcassets */ = {isa = PBXFileReference; lastKnownFileType = folder.assetcatalog; path = Assets.xcassets; sourceTree = "<group>"; };
		9AB045E02462EA710049BCD5 /* Base */ = {isa = PBXFileReference; lastKnownFileType = file.storyboard; name = Base; path = Base.lproj/LaunchScreen.storyboard; sourceTree = "<group>"; };
		9AB045E22462EA710049BCD5 /* Info.plist */ = {isa = PBXFileReference; lastKnownFileType = text.plist.xml; path = Info.plist; sourceTree = "<group>"; };
		9AB045E72462EA720049BCD5 /* HundredThievesTests.xctest */ = {isa = PBXFileReference; explicitFileType = wrapper.cfbundle; includeInIndex = 0; path = HundredThievesTests.xctest; sourceTree = BUILT_PRODUCTS_DIR; };
		9AB045EB2462EA720049BCD5 /* HundredThievesTests.swift */ = {isa = PBXFileReference; lastKnownFileType = sourcecode.swift; path = HundredThievesTests.swift; sourceTree = "<group>"; };
		9AB045ED2462EA720049BCD5 /* Info.plist */ = {isa = PBXFileReference; lastKnownFileType = text.plist.xml; path = Info.plist; sourceTree = "<group>"; };
		9AB045F22462EA720049BCD5 /* HundredThievesUITests.xctest */ = {isa = PBXFileReference; explicitFileType = wrapper.cfbundle; includeInIndex = 0; path = HundredThievesUITests.xctest; sourceTree = BUILT_PRODUCTS_DIR; };
		9AB045F62462EA720049BCD5 /* HundredThievesUITests.swift */ = {isa = PBXFileReference; lastKnownFileType = sourcecode.swift; path = HundredThievesUITests.swift; sourceTree = "<group>"; };
		9AB045F82462EA720049BCD5 /* Info.plist */ = {isa = PBXFileReference; lastKnownFileType = text.plist.xml; path = Info.plist; sourceTree = "<group>"; };
/* End PBXFileReference section */

/* Begin PBXFrameworksBuildPhase section */
		9AB045CC2462EA6E0049BCD5 /* Frameworks */ = {
			isa = PBXFrameworksBuildPhase;
			buildActionMask = 2147483647;
			files = (
				9A7651F8246A02AB00807C07 /* NVActivityIndicatorView in Frameworks */,
				9A7651F12469E0EF00807C07 /* Alamofire in Frameworks */,
			);
			runOnlyForDeploymentPostprocessing = 0;
		};
		9AB045E42462EA720049BCD5 /* Frameworks */ = {
			isa = PBXFrameworksBuildPhase;
			buildActionMask = 2147483647;
			files = (
			);
			runOnlyForDeploymentPostprocessing = 0;
		};
		9AB045EF2462EA720049BCD5 /* Frameworks */ = {
			isa = PBXFrameworksBuildPhase;
			buildActionMask = 2147483647;
			files = (
			);
			runOnlyForDeploymentPostprocessing = 0;
		};
/* End PBXFrameworksBuildPhase section */

/* Begin PBXGroup section */
		9A7651CF2464269B00807C07 /* Views */ = {
			isa = PBXGroup;
			children = (
				9A7651D0246426B500807C07 /* ContentCreatorTableViewCell.swift */,
				9A7651D1246426B500807C07 /* ContentCreatorTableViewCell.xib */,
				9A7651D724644C2200807C07 /* LookbookTableViewCell.swift */,
				9A7651D824644C2200807C07 /* LookbookTableViewCell.xib */,
				9A7651E02465F9A200807C07 /* SocialView.swift */,
				9A7651E22465F9B100807C07 /* SocialView.xib */,
				9A7651E62467A50000807C07 /* NibView.swift */,
				9A765209247473EA00807C07 /* LeaguesTableViewCell.swift */,
				9A76520A247473EA00807C07 /* LeaguesTableViewCell.xib */,
			);
			path = Views;
			sourceTree = "<group>";
		};
		9A7651D424643C1300807C07 /* Models */ = {
			isa = PBXGroup;
			children = (
				9A7651D524643C2E00807C07 /* Creator.swift */,
				9A7651F22469E1B600807C07 /* Creators.swift */,
				9A7651DB24644C4C00807C07 /* Lookbook.swift */,
				9A7651FB246ACBE200807C07 /* Lookbooks.swift */,
				9A76520124746A6600807C07 /* Player.swift */,
				9A76520324746A8E00807C07 /* Players.swift */,
				9A76520524746A9900807C07 /* League.swift */,
				9A76520724746AA100807C07 /* Leagues.swift */,
				9A7652112474DD6300807C07 /* Socials.swift */,
			);
			path = Models;
			sourceTree = "<group>";
		};
		9A7651DD2464554700807C07 /* Extensions */ = {
			isa = PBXGroup;
			children = (
				9A7651DE2464555C00807C07 /* UILabelExtension.swift */,
				9A7651E42467A2C800807C07 /* UIViewExtension.swift */,
				9A7651E82467A68000807C07 /* UIImageVIewExtension.swift */,
				9A7651EA24697B9D00807C07 /* UIViewControllerExtension.swift */,
			);
			path = Extensions;
			sourceTree = "<group>";
		};
		9A7651EE2469E0B600807C07 /* API */ = {
			isa = PBXGroup;
			children = (
				9A7651EC2469E0AE00807C07 /* Api.swift */,
				9A7651F42469E29900807C07 /* CreatorsApi.swift */,
				9A7651F9246ACBB900807C07 /* LookbooksApi.swift */,
				9A7651FF24746A2A00807C07 /* LeaguesApi.swift */,
			);
			path = API;
			sourceTree = "<group>";
		};
		9AB045C62462EA6E0049BCD5 = {
			isa = PBXGroup;
			children = (
				9AB045D12462EA6E0049BCD5 /* HundredThieves */,
				9AB045EA2462EA720049BCD5 /* HundredThievesTests */,
				9AB045F52462EA720049BCD5 /* HundredThievesUITests */,
				9AB045D02462EA6E0049BCD5 /* Products */,
			);
			sourceTree = "<group>";
		};
		9AB045D02462EA6E0049BCD5 /* Products */ = {
			isa = PBXGroup;
			children = (
				9AB045CF2462EA6E0049BCD5 /* 100 Thieves.app */,
				9AB045E72462EA720049BCD5 /* HundredThievesTests.xctest */,
				9AB045F22462EA720049BCD5 /* HundredThievesUITests.xctest */,
			);
			name = Products;
			sourceTree = "<group>";
		};
		9AB045D12462EA6E0049BCD5 /* HundredThieves */ = {
			isa = PBXGroup;
			children = (
				9A7651EE2469E0B600807C07 /* API */,
				9A7651DD2464554700807C07 /* Extensions */,
				9A7651D424643C1300807C07 /* Models */,
				9A7651CF2464269B00807C07 /* Views */,
				9AB046052462ED700049BCD5 /* Storyboards */,
				9AB046042462ED280049BCD5 /* Controllers */,
				9AB045D22462EA6E0049BCD5 /* AppDelegate.swift */,
				9AB045D42462EA6E0049BCD5 /* SceneDelegate.swift */,
				9AB045DD2462EA710049BCD5 /* Assets.xcassets */,
				9AB045DF2462EA710049BCD5 /* LaunchScreen.storyboard */,
				9AB045E22462EA710049BCD5 /* Info.plist */,
			);
			path = HundredThieves;
			sourceTree = "<group>";
		};
		9AB045EA2462EA720049BCD5 /* HundredThievesTests */ = {
			isa = PBXGroup;
			children = (
				9AB045EB2462EA720049BCD5 /* HundredThievesTests.swift */,
				9AB045ED2462EA720049BCD5 /* Info.plist */,
			);
			path = HundredThievesTests;
			sourceTree = "<group>";
		};
		9AB045F52462EA720049BCD5 /* HundredThievesUITests */ = {
			isa = PBXGroup;
			children = (
				9AB045F62462EA720049BCD5 /* HundredThievesUITests.swift */,
				9AB045F82462EA720049BCD5 /* Info.plist */,
			);
			path = HundredThievesUITests;
			sourceTree = "<group>";
		};
		9AB046042462ED280049BCD5 /* Controllers */ = {
			isa = PBXGroup;
			children = (
				9AB045D62462EA6E0049BCD5 /* HomeViewController.swift */,
				9AB045D82462EA6E0049BCD5 /* CreatorsViewController.swift */,
				9A7651FD246B3EB900807C07 /* LeaguesViewController.swift */,
				9A7651CD2462FC4800807C07 /* BaseTabBarController.swift */,
			);
			path = Controllers;
			sourceTree = "<group>";
		};
		9AB046052462ED700049BCD5 /* Storyboards */ = {
			isa = PBXGroup;
			children = (
				9AB045DA2462EA6E0049BCD5 /* Main.storyboard */,
			);
			path = Storyboards;
			sourceTree = "<group>";
		};
/* End PBXGroup section */

/* Begin PBXNativeTarget section */
		9AB045CE2462EA6E0049BCD5 /* HundredThieves */ = {
			isa = PBXNativeTarget;
			buildConfigurationList = 9AB045FB2462EA720049BCD5 /* Build configuration list for PBXNativeTarget "HundredThieves" */;
			buildPhases = (
				9AB045CB2462EA6E0049BCD5 /* Sources */,
				9AB045CC2462EA6E0049BCD5 /* Frameworks */,
				9AB045CD2462EA6E0049BCD5 /* Resources */,
			);
			buildRules = (
			);
			dependencies = (
			);
			name = HundredThieves;
			packageProductDependencies = (
				9A7651F02469E0EF00807C07 /* Alamofire */,
				9A7651F7246A02AB00807C07 /* NVActivityIndicatorView */,
			);
			productName = HundredThieves;
			productReference = 9AB045CF2462EA6E0049BCD5 /* 100 Thieves.app */;
			productType = "com.apple.product-type.application";
		};
		9AB045E62462EA720049BCD5 /* HundredThievesTests */ = {
			isa = PBXNativeTarget;
			buildConfigurationList = 9AB045FE2462EA720049BCD5 /* Build configuration list for PBXNativeTarget "HundredThievesTests" */;
			buildPhases = (
				9AB045E32462EA720049BCD5 /* Sources */,
				9AB045E42462EA720049BCD5 /* Frameworks */,
				9AB045E52462EA720049BCD5 /* Resources */,
			);
			buildRules = (
			);
			dependencies = (
				9AB045E92462EA720049BCD5 /* PBXTargetDependency */,
			);
			name = HundredThievesTests;
			productName = HundredThievesTests;
			productReference = 9AB045E72462EA720049BCD5 /* HundredThievesTests.xctest */;
			productType = "com.apple.product-type.bundle.unit-test";
		};
		9AB045F12462EA720049BCD5 /* HundredThievesUITests */ = {
			isa = PBXNativeTarget;
			buildConfigurationList = 9AB046012462EA720049BCD5 /* Build configuration list for PBXNativeTarget "HundredThievesUITests" */;
			buildPhases = (
				9AB045EE2462EA720049BCD5 /* Sources */,
				9AB045EF2462EA720049BCD5 /* Frameworks */,
				9AB045F02462EA720049BCD5 /* Resources */,
			);
			buildRules = (
			);
			dependencies = (
				9AB045F42462EA720049BCD5 /* PBXTargetDependency */,
			);
			name = HundredThievesUITests;
			productName = HundredThievesUITests;
			productReference = 9AB045F22462EA720049BCD5 /* HundredThievesUITests.xctest */;
			productType = "com.apple.product-type.bundle.ui-testing";
		};
/* End PBXNativeTarget section */

/* Begin PBXProject section */
		9AB045C72462EA6E0049BCD5 /* Project object */ = {
			isa = PBXProject;
			attributes = {
				LastSwiftUpdateCheck = 1140;
				LastUpgradeCheck = 1140;
				ORGANIZATIONNAME = 100Thieves;
				TargetAttributes = {
					9AB045CE2462EA6E0049BCD5 = {
						CreatedOnToolsVersion = 11.4.1;
					};
					9AB045E62462EA720049BCD5 = {
						CreatedOnToolsVersion = 11.4.1;
						TestTargetID = 9AB045CE2462EA6E0049BCD5;
					};
					9AB045F12462EA720049BCD5 = {
						CreatedOnToolsVersion = 11.4.1;
						TestTargetID = 9AB045CE2462EA6E0049BCD5;
					};
				};
			};
			buildConfigurationList = 9AB045CA2462EA6E0049BCD5 /* Build configuration list for PBXProject "HundredThieves" */;
			compatibilityVersion = "Xcode 9.3";
			developmentRegion = en;
			hasScannedForEncodings = 0;
			knownRegions = (
				en,
				Base,
			);
			mainGroup = 9AB045C62462EA6E0049BCD5;
			packageReferences = (
				9A7651EF2469E0EF00807C07 /* XCRemoteSwiftPackageReference "Alamofire" */,
				9A7651F6246A02AB00807C07 /* XCRemoteSwiftPackageReference "NVActivityIndicatorView" */,
			);
			productRefGroup = 9AB045D02462EA6E0049BCD5 /* Products */;
			projectDirPath = "";
			projectRoot = "";
			targets = (
				9AB045CE2462EA6E0049BCD5 /* HundredThieves */,
				9AB045E62462EA720049BCD5 /* HundredThievesTests */,
				9AB045F12462EA720049BCD5 /* HundredThievesUITests */,
			);
		};
/* End PBXProject section */

/* Begin PBXResourcesBuildPhase section */
		9AB045CD2462EA6E0049BCD5 /* Resources */ = {
			isa = PBXResourcesBuildPhase;
			buildActionMask = 2147483647;
			files = (
				9A76520C247473EA00807C07 /* LeaguesTableViewCell.xib in Resources */,
				9A7651DA24644C2200807C07 /* LookbookTableViewCell.xib in Resources */,
				9AB045E12462EA710049BCD5 /* LaunchScreen.storyboard in Resources */,
				9AB045DE2462EA710049BCD5 /* Assets.xcassets in Resources */,
				9A7651D3246426B500807C07 /* ContentCreatorTableViewCell.xib in Resources */,
				9AB045DC2462EA6E0049BCD5 /* Main.storyboard in Resources */,
				9A7651E32465F9B100807C07 /* SocialView.xib in Resources */,
			);
			runOnlyForDeploymentPostprocessing = 0;
		};
		9AB045E52462EA720049BCD5 /* Resources */ = {
			isa = PBXResourcesBuildPhase;
			buildActionMask = 2147483647;
			files = (
			);
			runOnlyForDeploymentPostprocessing = 0;
		};
		9AB045F02462EA720049BCD5 /* Resources */ = {
			isa = PBXResourcesBuildPhase;
			buildActionMask = 2147483647;
			files = (
			);
			runOnlyForDeploymentPostprocessing = 0;
		};
/* End PBXResourcesBuildPhase section */

/* Begin PBXSourcesBuildPhase section */
		9AB045CB2462EA6E0049BCD5 /* Sources */ = {
			isa = PBXSourcesBuildPhase;
			buildActionMask = 2147483647;
			files = (
				9A76520424746A8E00807C07 /* Players.swift in Sources */,
				9AB045D92462EA6E0049BCD5 /* CreatorsViewController.swift in Sources */,
				9A7651FC246ACBE200807C07 /* Lookbooks.swift in Sources */,
				9A7651D924644C2200807C07 /* LookbookTableViewCell.swift in Sources */,
				9A7651EB24697B9D00807C07 /* UIViewControllerExtension.swift in Sources */,
				9A76520224746A6600807C07 /* Player.swift in Sources */,
				9A7651DF2464555C00807C07 /* UILabelExtension.swift in Sources */,
				9A76520B247473EA00807C07 /* LeaguesTableViewCell.swift in Sources */,
				9A7651E12465F9A200807C07 /* SocialView.swift in Sources */,
				9AB045D72462EA6E0049BCD5 /* HomeViewController.swift in Sources */,
				9A76520024746A2A00807C07 /* LeaguesApi.swift in Sources */,
				9A7651D2246426B500807C07 /* ContentCreatorTableViewCell.swift in Sources */,
				9A7651E92467A68000807C07 /* UIImageVIewExtension.swift in Sources */,
				9A76520824746AA100807C07 /* Leagues.swift in Sources */,
				9A7651E52467A2C800807C07 /* UIViewExtension.swift in Sources */,
				9A7651F52469E29900807C07 /* CreatorsApi.swift in Sources */,
				9A7651CE2462FC4800807C07 /* BaseTabBarController.swift in Sources */,
				9AB045D32462EA6E0049BCD5 /* AppDelegate.swift in Sources */,
				9A7651D624643C2E00807C07 /* Creator.swift in Sources */,
				9A7651E72467A50000807C07 /* NibView.swift in Sources */,
				9A76520624746A9900807C07 /* League.swift in Sources */,
				9A7651DC24644C4C00807C07 /* Lookbook.swift in Sources */,
				9A7651ED2469E0AE00807C07 /* Api.swift in Sources */,
				9A7651FE246B3EB900807C07 /* LeaguesViewController.swift in Sources */,
				9AB045D52462EA6E0049BCD5 /* SceneDelegate.swift in Sources */,
				9A7651FA246ACBB900807C07 /* LookbooksApi.swift in Sources */,
				9A7652122474DD6300807C07 /* Socials.swift in Sources */,
				9A7651F32469E1B600807C07 /* Creators.swift in Sources */,
			);
			runOnlyForDeploymentPostprocessing = 0;
		};
		9AB045E32462EA720049BCD5 /* Sources */ = {
			isa = PBXSourcesBuildPhase;
			buildActionMask = 2147483647;
			files = (
				9AB045EC2462EA720049BCD5 /* HundredThievesTests.swift in Sources */,
			);
			runOnlyForDeploymentPostprocessing = 0;
		};
		9AB045EE2462EA720049BCD5 /* Sources */ = {
			isa = PBXSourcesBuildPhase;
			buildActionMask = 2147483647;
			files = (
				9AB045F72462EA720049BCD5 /* HundredThievesUITests.swift in Sources */,
			);
			runOnlyForDeploymentPostprocessing = 0;
		};
/* End PBXSourcesBuildPhase section */

/* Begin PBXTargetDependency section */
		9AB045E92462EA720049BCD5 /* PBXTargetDependency */ = {
			isa = PBXTargetDependency;
			target = 9AB045CE2462EA6E0049BCD5 /* HundredThieves */;
			targetProxy = 9AB045E82462EA720049BCD5 /* PBXContainerItemProxy */;
		};
		9AB045F42462EA720049BCD5 /* PBXTargetDependency */ = {
			isa = PBXTargetDependency;
			target = 9AB045CE2462EA6E0049BCD5 /* HundredThieves */;
			targetProxy = 9AB045F32462EA720049BCD5 /* PBXContainerItemProxy */;
		};
/* End PBXTargetDependency section */

/* Begin PBXVariantGroup section */
		9AB045DA2462EA6E0049BCD5 /* Main.storyboard */ = {
			isa = PBXVariantGroup;
			children = (
				9AB045DB2462EA6E0049BCD5 /* Base */,
			);
			name = Main.storyboard;
			sourceTree = "<group>";
		};
		9AB045DF2462EA710049BCD5 /* LaunchScreen.storyboard */ = {
			isa = PBXVariantGroup;
			children = (
				9AB045E02462EA710049BCD5 /* Base */,
			);
			name = LaunchScreen.storyboard;
			sourceTree = "<group>";
		};
/* End PBXVariantGroup section */

/* Begin XCBuildConfiguration section */
		9AB045F92462EA720049BCD5 /* Debug */ = {
			isa = XCBuildConfiguration;
			buildSettings = {
				ALWAYS_SEARCH_USER_PATHS = NO;
				CLANG_ANALYZER_NONNULL = YES;
				CLANG_ANALYZER_NUMBER_OBJECT_CONVERSION = YES_AGGRESSIVE;
				CLANG_CXX_LANGUAGE_STANDARD = "gnu++14";
				CLANG_CXX_LIBRARY = "libc++";
				CLANG_ENABLE_MODULES = YES;
				CLANG_ENABLE_OBJC_ARC = YES;
				CLANG_ENABLE_OBJC_WEAK = YES;
				CLANG_WARN_BLOCK_CAPTURE_AUTORELEASING = YES;
				CLANG_WARN_BOOL_CONVERSION = YES;
				CLANG_WARN_COMMA = YES;
				CLANG_WARN_CONSTANT_CONVERSION = YES;
				CLANG_WARN_DEPRECATED_OBJC_IMPLEMENTATIONS = YES;
				CLANG_WARN_DIRECT_OBJC_ISA_USAGE = YES_ERROR;
				CLANG_WARN_DOCUMENTATION_COMMENTS = YES;
				CLANG_WARN_EMPTY_BODY = YES;
				CLANG_WARN_ENUM_CONVERSION = YES;
				CLANG_WARN_INFINITE_RECURSION = YES;
				CLANG_WARN_INT_CONVERSION = YES;
				CLANG_WARN_NON_LITERAL_NULL_CONVERSION = YES;
				CLANG_WARN_OBJC_IMPLICIT_RETAIN_SELF = YES;
				CLANG_WARN_OBJC_LITERAL_CONVERSION = YES;
				CLANG_WARN_OBJC_ROOT_CLASS = YES_ERROR;
				CLANG_WARN_RANGE_LOOP_ANALYSIS = YES;
				CLANG_WARN_STRICT_PROTOTYPES = YES;
				CLANG_WARN_SUSPICIOUS_MOVE = YES;
				CLANG_WARN_UNGUARDED_AVAILABILITY = YES_AGGRESSIVE;
				CLANG_WARN_UNREACHABLE_CODE = YES;
				CLANG_WARN__DUPLICATE_METHOD_MATCH = YES;
				COPY_PHASE_STRIP = NO;
				DEBUG_INFORMATION_FORMAT = dwarf;
				ENABLE_STRICT_OBJC_MSGSEND = YES;
				ENABLE_TESTABILITY = YES;
				GCC_C_LANGUAGE_STANDARD = gnu11;
				GCC_DYNAMIC_NO_PIC = NO;
				GCC_NO_COMMON_BLOCKS = YES;
				GCC_OPTIMIZATION_LEVEL = 0;
				GCC_PREPROCESSOR_DEFINITIONS = (
					"DEBUG=1",
					"$(inherited)",
				);
				GCC_WARN_64_TO_32_BIT_CONVERSION = YES;
				GCC_WARN_ABOUT_RETURN_TYPE = YES_ERROR;
				GCC_WARN_UNDECLARED_SELECTOR = YES;
				GCC_WARN_UNINITIALIZED_AUTOS = YES_AGGRESSIVE;
				GCC_WARN_UNUSED_FUNCTION = YES;
				GCC_WARN_UNUSED_VARIABLE = YES;
				IPHONEOS_DEPLOYMENT_TARGET = 13.4;
				MTL_ENABLE_DEBUG_INFO = INCLUDE_SOURCE;
				MTL_FAST_MATH = YES;
				ONLY_ACTIVE_ARCH = YES;
				SDKROOT = iphoneos;
				SWIFT_ACTIVE_COMPILATION_CONDITIONS = DEBUG;
				SWIFT_OPTIMIZATION_LEVEL = "-Onone";
			};
			name = Debug;
		};
		9AB045FA2462EA720049BCD5 /* Release */ = {
			isa = XCBuildConfiguration;
			buildSettings = {
				ALWAYS_SEARCH_USER_PATHS = NO;
				CLANG_ANALYZER_NONNULL = YES;
				CLANG_ANALYZER_NUMBER_OBJECT_CONVERSION = YES_AGGRESSIVE;
				CLANG_CXX_LANGUAGE_STANDARD = "gnu++14";
				CLANG_CXX_LIBRARY = "libc++";
				CLANG_ENABLE_MODULES = YES;
				CLANG_ENABLE_OBJC_ARC = YES;
				CLANG_ENABLE_OBJC_WEAK = YES;
				CLANG_WARN_BLOCK_CAPTURE_AUTORELEASING = YES;
				CLANG_WARN_BOOL_CONVERSION = YES;
				CLANG_WARN_COMMA = YES;
				CLANG_WARN_CONSTANT_CONVERSION = YES;
				CLANG_WARN_DEPRECATED_OBJC_IMPLEMENTATIONS = YES;
				CLANG_WARN_DIRECT_OBJC_ISA_USAGE = YES_ERROR;
				CLANG_WARN_DOCUMENTATION_COMMENTS = YES;
				CLANG_WARN_EMPTY_BODY = YES;
				CLANG_WARN_ENUM_CONVERSION = YES;
				CLANG_WARN_INFINITE_RECURSION = YES;
				CLANG_WARN_INT_CONVERSION = YES;
				CLANG_WARN_NON_LITERAL_NULL_CONVERSION = YES;
				CLANG_WARN_OBJC_IMPLICIT_RETAIN_SELF = YES;
				CLANG_WARN_OBJC_LITERAL_CONVERSION = YES;
				CLANG_WARN_OBJC_ROOT_CLASS = YES_ERROR;
				CLANG_WARN_RANGE_LOOP_ANALYSIS = YES;
				CLANG_WARN_STRICT_PROTOTYPES = YES;
				CLANG_WARN_SUSPICIOUS_MOVE = YES;
				CLANG_WARN_UNGUARDED_AVAILABILITY = YES_AGGRESSIVE;
				CLANG_WARN_UNREACHABLE_CODE = YES;
				CLANG_WARN__DUPLICATE_METHOD_MATCH = YES;
				COPY_PHASE_STRIP = NO;
				DEBUG_INFORMATION_FORMAT = "dwarf-with-dsym";
				ENABLE_NS_ASSERTIONS = NO;
				ENABLE_STRICT_OBJC_MSGSEND = YES;
				GCC_C_LANGUAGE_STANDARD = gnu11;
				GCC_NO_COMMON_BLOCKS = YES;
				GCC_WARN_64_TO_32_BIT_CONVERSION = YES;
				GCC_WARN_ABOUT_RETURN_TYPE = YES_ERROR;
				GCC_WARN_UNDECLARED_SELECTOR = YES;
				GCC_WARN_UNINITIALIZED_AUTOS = YES_AGGRESSIVE;
				GCC_WARN_UNUSED_FUNCTION = YES;
				GCC_WARN_UNUSED_VARIABLE = YES;
				IPHONEOS_DEPLOYMENT_TARGET = 13.4;
				MTL_ENABLE_DEBUG_INFO = NO;
				MTL_FAST_MATH = YES;
				SDKROOT = iphoneos;
				SWIFT_COMPILATION_MODE = wholemodule;
				SWIFT_OPTIMIZATION_LEVEL = "-O";
				VALIDATE_PRODUCT = YES;
			};
			name = Release;
		};
		9AB045FC2462EA720049BCD5 /* Debug */ = {
			isa = XCBuildConfiguration;
			buildSettings = {
				ASSETCATALOG_COMPILER_APPICON_NAME = AppIcon;
				CODE_SIGN_STYLE = Automatic;
				CURRENT_PROJECT_VERSION = 2;
				DEVELOPMENT_TEAM = 7479AP9GZJ;
				INFOPLIST_FILE = HundredThieves/Info.plist;
				IPHONEOS_DEPLOYMENT_TARGET = 13.0;
				LD_RUNPATH_SEARCH_PATHS = (
					"$(inherited)",
					"@executable_path/Frameworks",
				);
				PRODUCT_BUNDLE_IDENTIFIER = com.100Thieves.HundredThievesApp;
				PRODUCT_NAME = "100 Thieves";
				SWIFT_VERSION = 5.0;
				TARGETED_DEVICE_FAMILY = "1,2";
			};
			name = Debug;
		};
		9AB045FD2462EA720049BCD5 /* Release */ = {
			isa = XCBuildConfiguration;
			buildSettings = {
				ASSETCATALOG_COMPILER_APPICON_NAME = AppIcon;
				CODE_SIGN_STYLE = Automatic;
				CURRENT_PROJECT_VERSION = 2;
				DEVELOPMENT_TEAM = 7479AP9GZJ;
				INFOPLIST_FILE = HundredThieves/Info.plist;
				IPHONEOS_DEPLOYMENT_TARGET = 13.0;
				LD_RUNPATH_SEARCH_PATHS = (
					"$(inherited)",
					"@executable_path/Frameworks",
				);
				PRODUCT_BUNDLE_IDENTIFIER = com.100Thieves.HundredThievesApp;
				PRODUCT_NAME = "100 Thieves";
				SWIFT_VERSION = 5.0;
				TARGETED_DEVICE_FAMILY = "1,2";
			};
			name = Release;
		};
		9AB045FF2462EA720049BCD5 /* Debug */ = {
			isa = XCBuildConfiguration;
			buildSettings = {
				ALWAYS_EMBED_SWIFT_STANDARD_LIBRARIES = YES;
				BUNDLE_LOADER = "$(TEST_HOST)";
				CODE_SIGN_STYLE = Automatic;
				DEVELOPMENT_TEAM = DHK57V6BH6;
				INFOPLIST_FILE = HundredThievesTests/Info.plist;
				IPHONEOS_DEPLOYMENT_TARGET = 13.4;
				LD_RUNPATH_SEARCH_PATHS = (
					"$(inherited)",
					"@executable_path/Frameworks",
					"@loader_path/Frameworks",
				);
				PRODUCT_BUNDLE_IDENTIFIER = com.100Thieves.HundredThievesTests;
				PRODUCT_NAME = "$(TARGET_NAME)";
				SWIFT_VERSION = 5.0;
				TARGETED_DEVICE_FAMILY = "1,2";
				TEST_HOST = "$(BUILT_PRODUCTS_DIR)/HundredThieves.app/HundredThieves";
			};
			name = Debug;
		};
		9AB046002462EA720049BCD5 /* Release */ = {
			isa = XCBuildConfiguration;
			buildSettings = {
				ALWAYS_EMBED_SWIFT_STANDARD_LIBRARIES = YES;
				BUNDLE_LOADER = "$(TEST_HOST)";
				CODE_SIGN_STYLE = Automatic;
				DEVELOPMENT_TEAM = DHK57V6BH6;
				INFOPLIST_FILE = HundredThievesTests/Info.plist;
				IPHONEOS_DEPLOYMENT_TARGET = 13.4;
				LD_RUNPATH_SEARCH_PATHS = (
					"$(inherited)",
					"@executable_path/Frameworks",
					"@loader_path/Frameworks",
				);
				PRODUCT_BUNDLE_IDENTIFIER = com.100Thieves.HundredThievesTests;
				PRODUCT_NAME = "$(TARGET_NAME)";
				SWIFT_VERSION = 5.0;
				TARGETED_DEVICE_FAMILY = "1,2";
				TEST_HOST = "$(BUILT_PRODUCTS_DIR)/HundredThieves.app/HundredThieves";
			};
			name = Release;
		};
		9AB046022462EA720049BCD5 /* Debug */ = {
			isa = XCBuildConfiguration;
			buildSettings = {
				ALWAYS_EMBED_SWIFT_STANDARD_LIBRARIES = YES;
				CODE_SIGN_STYLE = Automatic;
				DEVELOPMENT_TEAM = DHK57V6BH6;
				INFOPLIST_FILE = HundredThievesUITests/Info.plist;
				LD_RUNPATH_SEARCH_PATHS = (
					"$(inherited)",
					"@executable_path/Frameworks",
					"@loader_path/Frameworks",
				);
				PRODUCT_BUNDLE_IDENTIFIER = com.100Thieves.HundredThievesUITests;
				PRODUCT_NAME = "$(TARGET_NAME)";
				SWIFT_VERSION = 5.0;
				TARGETED_DEVICE_FAMILY = "1,2";
				TEST_TARGET_NAME = HundredThieves;
			};
			name = Debug;
		};
		9AB046032462EA720049BCD5 /* Release */ = {
			isa = XCBuildConfiguration;
			buildSettings = {
				ALWAYS_EMBED_SWIFT_STANDARD_LIBRARIES = YES;
				CODE_SIGN_STYLE = Automatic;
				DEVELOPMENT_TEAM = DHK57V6BH6;
				INFOPLIST_FILE = HundredThievesUITests/Info.plist;
				LD_RUNPATH_SEARCH_PATHS = (
					"$(inherited)",
					"@executable_path/Frameworks",
					"@loader_path/Frameworks",
				);
				PRODUCT_BUNDLE_IDENTIFIER = com.100Thieves.HundredThievesUITests;
				PRODUCT_NAME = "$(TARGET_NAME)";
				SWIFT_VERSION = 5.0;
				TARGETED_DEVICE_FAMILY = "1,2";
				TEST_TARGET_NAME = HundredThieves;
			};
			name = Release;
		};
/* End XCBuildConfiguration section */

/* Begin XCConfigurationList section */
		9AB045CA2462EA6E0049BCD5 /* Build configuration list for PBXProject "HundredThieves" */ = {
			isa = XCConfigurationList;
			buildConfigurations = (
				9AB045F92462EA720049BCD5 /* Debug */,
				9AB045FA2462EA720049BCD5 /* Release */,
			);
			defaultConfigurationIsVisible = 0;
			defaultConfigurationName = Release;
		};
		9AB045FB2462EA720049BCD5 /* Build configuration list for PBXNativeTarget "HundredThieves" */ = {
			isa = XCConfigurationList;
			buildConfigurations = (
				9AB045FC2462EA720049BCD5 /* Debug */,
				9AB045FD2462EA720049BCD5 /* Release */,
			);
			defaultConfigurationIsVisible = 0;
			defaultConfigurationName = Release;
		};
		9AB045FE2462EA720049BCD5 /* Build configuration list for PBXNativeTarget "HundredThievesTests" */ = {
			isa = XCConfigurationList;
			buildConfigurations = (
				9AB045FF2462EA720049BCD5 /* Debug */,
				9AB046002462EA720049BCD5 /* Release */,
			);
			defaultConfigurationIsVisible = 0;
			defaultConfigurationName = Release;
		};
		9AB046012462EA720049BCD5 /* Build configuration list for PBXNativeTarget "HundredThievesUITests" */ = {
			isa = XCConfigurationList;
			buildConfigurations = (
				9AB046022462EA720049BCD5 /* Debug */,
				9AB046032462EA720049BCD5 /* Release */,
			);
			defaultConfigurationIsVisible = 0;
			defaultConfigurationName = Release;
		};
/* End XCConfigurationList section */

/* Begin XCRemoteSwiftPackageReference section */
		9A7651EF2469E0EF00807C07 /* XCRemoteSwiftPackageReference "Alamofire" */ = {
			isa = XCRemoteSwiftPackageReference;
			repositoryURL = "https://github.com/Alamofire/Alamofire.git";
			requirement = {
				kind = upToNextMajorVersion;
				minimumVersion = 5.1.0;
			};
		};
		9A7651F6246A02AB00807C07 /* XCRemoteSwiftPackageReference "NVActivityIndicatorView" */ = {
			isa = XCRemoteSwiftPackageReference;
			repositoryURL = "https://github.com/ninjaprox/NVActivityIndicatorView.git";
			requirement = {
				kind = upToNextMajorVersion;
				minimumVersion = 4.8.0;
			};
		};
/* End XCRemoteSwiftPackageReference section */

/* Begin XCSwiftPackageProductDependency section */
		9A7651F02469E0EF00807C07 /* Alamofire */ = {
			isa = XCSwiftPackageProductDependency;
			package = 9A7651EF2469E0EF00807C07 /* XCRemoteSwiftPackageReference "Alamofire" */;
			productName = Alamofire;
		};
		9A7651F7246A02AB00807C07 /* NVActivityIndicatorView */ = {
			isa = XCSwiftPackageProductDependency;
			package = 9A7651F6246A02AB00807C07 /* XCRemoteSwiftPackageReference "NVActivityIndicatorView" */;
			productName = NVActivityIndicatorView;
		};
/* End XCSwiftPackageProductDependency section */
	};
	rootObject = 9AB045C72462EA6E0049BCD5 /* Project object */;
}
